
Microsoft Visual Studio Solution File, Format Version 12.00
# Visual Studio Version 17
VisualStudioVersion = 17.0.32112.339
MinimumVisualStudioVersion = 10.0.40219.1
Project("{FAE04EC0-301F-11D3-BF4B-00C04F79EFBC}") = "ProjectStructure.DAL", "ProjectStructure.DAL\ProjectStructure.DAL.csproj", "{564A131C-C954-4796-B806-1FE048B3181F}"
EndProject
Project("{FAE04EC0-301F-11D3-BF4B-00C04F79EFBC}") = "ProjectStructure.Common", "ProjectStructure.Common\ProjectStructure.Common.csproj", "{6A4C8D82-9365-4F47-971A-2B4BE30FA44C}"
EndProject
Project("{FAE04EC0-301F-11D3-BF4B-00C04F79EFBC}") = "ProjectStructure.BLL", "ProjectStructure.BLL\ProjectStructure.BLL.csproj", "{803C0E17-7F56-49F7-874D-7335F5BC84F7}"
EndProject
Global
	GlobalSection(SolutionConfigurationPlatforms) = preSolution
		Debug|Any CPU = Debug|Any CPU
		Release|Any CPU = Release|Any CPU
	EndGlobalSection
	GlobalSection(ProjectConfigurationPlatforms) = postSolution
		{564A131C-C954-4796-B806-1FE048B3181F}.Debug|Any CPU.ActiveCfg = Debug|Any CPU
		{564A131C-C954-4796-B806-1FE048B3181F}.Debug|Any CPU.Build.0 = Debug|Any CPU
		{564A131C-C954-4796-B806-1FE048B3181F}.Release|Any CPU.ActiveCfg = Release|Any CPU
		{564A131C-C954-4796-B806-1FE048B3181F}.Release|Any CPU.Build.0 = Release|Any CPU
		{6A4C8D82-9365-4F47-971A-2B4BE30FA44C}.Debug|Any CPU.ActiveCfg = Debug|Any CPU
		{6A4C8D82-9365-4F47-971A-2B4BE30FA44C}.Debug|Any CPU.Build.0 = Debug|Any CPU
		{6A4C8D82-9365-4F47-971A-2B4BE30FA44C}.Release|Any CPU.ActiveCfg = Release|Any CPU
		{6A4C8D82-9365-4F47-971A-2B4BE30FA44C}.Release|Any CPU.Build.0 = Release|Any CPU
		{803C0E17-7F56-49F7-874D-7335F5BC84F7}.Debug|Any CPU.ActiveCfg = Debug|Any CPU
		{803C0E17-7F56-49F7-874D-7335F5BC84F7}.Debug|Any CPU.Build.0 = Debug|Any CPU
		{803C0E17-7F56-49F7-874D-7335F5BC84F7}.Release|Any CPU.ActiveCfg = Release|Any CPU
		{803C0E17-7F56-49F7-874D-7335F5BC84F7}.Release|Any CPU.Build.0 = Release|Any CPU
	EndGlobalSection
	GlobalSection(SolutionProperties) = preSolution
		HideSolutionNode = FALSE
	EndGlobalSection
	GlobalSection(ExtensibilityGlobals) = postSolution
		SolutionGuid = {5638BE66-1538-473A-9892-3C8E3E2CEC9E}
	EndGlobalSection
EndGlobal
